
Microsoft Visual Studio Solution File, Format Version 12.00
# Visual Studio Version 17
VisualStudioVersion = 17.0.31903.59
MinimumVisualStudioVersion = 10.0.40219.1
Project("{FAE04EC0-301F-11D3-BF4B-00C04F79EFBC}") = "Airbnb.Domain", "Airbnb.Domain\Airbnb.Domain.csproj", "{156BC4F6-DFD9-48A4-AB05-824668417C4A}"
EndProject
Project("{FAE04EC0-301F-11D3-BF4B-00C04F79EFBC}") = "Airbnb.Application", "Airbnb.Application\Airbnb.Application.csproj", "{8357C995-0A66-4D3A-B513-52E5EFBA96A9}"
EndProject
Project("{FAE04EC0-301F-11D3-BF4B-00C04F79EFBC}") = "Airbnb.Infrastructure", "Airbnb.Infrastructure\Airbnb.Infrastructure.csproj", "{014F8142-4FC7-48DE-BB47-CFAB87FE6FC1}"
EndProject
Project("{FAE04EC0-301F-11D3-BF4B-00C04F79EFBC}") = "Airbnb.Presentation", "Airbnb.Presentation\Airbnb.Presentation.csproj", "{EF23EFA6-4ED5-4ACC-AD09-2D113DF2A018}"
EndProject
Global
	GlobalSection(SolutionConfigurationPlatforms) = preSolution
		Debug|Any CPU = Debug|Any CPU
		Debug|x64 = Debug|x64
		Debug|x86 = Debug|x86
		Release|Any CPU = Release|Any CPU
		Release|x64 = Release|x64
		Release|x86 = Release|x86
	EndGlobalSection
	GlobalSection(ProjectConfigurationPlatforms) = postSolution
		{156BC4F6-DFD9-48A4-AB05-824668417C4A}.Debug|Any CPU.ActiveCfg = Debug|Any CPU
		{156BC4F6-DFD9-48A4-AB05-824668417C4A}.Debug|Any CPU.Build.0 = Debug|Any CPU
		{156BC4F6-DFD9-48A4-AB05-824668417C4A}.Debug|x64.ActiveCfg = Debug|Any CPU
		{156BC4F6-DFD9-48A4-AB05-824668417C4A}.Debug|x64.Build.0 = Debug|Any CPU
		{156BC4F6-DFD9-48A4-AB05-824668417C4A}.Debug|x86.ActiveCfg = Debug|Any CPU
		{156BC4F6-DFD9-48A4-AB05-824668417C4A}.Debug|x86.Build.0 = Debug|Any CPU
		{156BC4F6-DFD9-48A4-AB05-824668417C4A}.Release|Any CPU.ActiveCfg = Release|Any CPU
		{156BC4F6-DFD9-48A4-AB05-824668417C4A}.Release|Any CPU.Build.0 = Release|Any CPU
		{156BC4F6-DFD9-48A4-AB05-824668417C4A}.Release|x64.ActiveCfg = Release|Any CPU
		{156BC4F6-DFD9-48A4-AB05-824668417C4A}.Release|x64.Build.0 = Release|Any CPU
		{156BC4F6-DFD9-48A4-AB05-824668417C4A}.Release|x86.ActiveCfg = Release|Any CPU
		{156BC4F6-DFD9-48A4-AB05-824668417C4A}.Release|x86.Build.0 = Release|Any CPU
		{8357C995-0A66-4D3A-B513-52E5EFBA96A9}.Debug|Any CPU.ActiveCfg = Debug|Any CPU
		{8357C995-0A66-4D3A-B513-52E5EFBA96A9}.Debug|Any CPU.Build.0 = Debug|Any CPU
		{8357C995-0A66-4D3A-B513-52E5EFBA96A9}.Debug|x64.ActiveCfg = Debug|Any CPU
		{8357C995-0A66-4D3A-B513-52E5EFBA96A9}.Debug|x64.Build.0 = Debug|Any CPU
		{8357C995-0A66-4D3A-B513-52E5EFBA96A9}.Debug|x86.ActiveCfg = Debug|Any CPU
		{8357C995-0A66-4D3A-B513-52E5EFBA96A9}.Debug|x86.Build.0 = Debug|Any CPU
		{8357C995-0A66-4D3A-B513-52E5EFBA96A9}.Release|Any CPU.ActiveCfg = Release|Any CPU
		{8357C995-0A66-4D3A-B513-52E5EFBA96A9}.Release|Any CPU.Build.0 = Release|Any CPU
		{8357C995-0A66-4D3A-B513-52E5EFBA96A9}.Release|x64.ActiveCfg = Release|Any CPU
		{8357C995-0A66-4D3A-B513-52E5EFBA96A9}.Release|x64.Build.0 = Release|Any CPU
		{8357C995-0A66-4D3A-B513-52E5EFBA96A9}.Release|x86.ActiveCfg = Release|Any CPU
		{8357C995-0A66-4D3A-B513-52E5EFBA96A9}.Release|x86.Build.0 = Release|Any CPU
		{014F8142-4FC7-48DE-BB47-CFAB87FE6FC1}.Debug|Any CPU.ActiveCfg = Debug|Any CPU
		{014F8142-4FC7-48DE-BB47-CFAB87FE6FC1}.Debug|Any CPU.Build.0 = Debug|Any CPU
		{014F8142-4FC7-48DE-BB47-CFAB87FE6FC1}.Debug|x64.ActiveCfg = Debug|Any CPU
		{014F8142-4FC7-48DE-BB47-CFAB87FE6FC1}.Debug|x64.Build.0 = Debug|Any CPU
		{014F8142-4FC7-48DE-BB47-CFAB87FE6FC1}.Debug|x86.ActiveCfg = Debug|Any CPU
		{014F8142-4FC7-48DE-BB47-CFAB87FE6FC1}.Debug|x86.Build.0 = Debug|Any CPU
		{014F8142-4FC7-48DE-BB47-CFAB87FE6FC1}.Release|Any CPU.ActiveCfg = Release|Any CPU
		{014F8142-4FC7-48DE-BB47-CFAB87FE6FC1}.Release|Any CPU.Build.0 = Release|Any CPU
		{014F8142-4FC7-48DE-BB47-CFAB87FE6FC1}.Release|x64.ActiveCfg = Release|Any CPU
		{014F8142-4FC7-48DE-BB47-CFAB87FE6FC1}.Release|x64.Build.0 = Release|Any CPU
		{014F8142-4FC7-48DE-BB47-CFAB87FE6FC1}.Release|x86.ActiveCfg = Release|Any CPU
		{014F8142-4FC7-48DE-BB47-CFAB87FE6FC1}.Release|x86.Build.0 = Release|Any CPU
		{EF23EFA6-4ED5-4ACC-AD09-2D113DF2A018}.Debug|Any CPU.ActiveCfg = Debug|Any CPU
		{EF23EFA6-4ED5-4ACC-AD09-2D113DF2A018}.Debug|Any CPU.Build.0 = Debug|Any CPU
		{EF23EFA6-4ED5-4ACC-AD09-2D113DF2A018}.Debug|x64.ActiveCfg = Debug|Any CPU
		{EF23EFA6-4ED5-4ACC-AD09-2D113DF2A018}.Debug|x64.Build.0 = Debug|Any CPU
		{EF23EFA6-4ED5-4ACC-AD09-2D113DF2A018}.Debug|x86.ActiveCfg = Debug|Any CPU
		{EF23EFA6-4ED5-4ACC-AD09-2D113DF2A018}.Debug|x86.Build.0 = Debug|Any CPU
		{EF23EFA6-4ED5-4ACC-AD09-2D113DF2A018}.Release|Any CPU.ActiveCfg = Release|Any CPU
		{EF23EFA6-4ED5-4ACC-AD09-2D113DF2A018}.Release|Any CPU.Build.0 = Release|Any CPU
		{EF23EFA6-4ED5-4ACC-AD09-2D113DF2A018}.Release|x64.ActiveCfg = Release|Any CPU
		{EF23EFA6-4ED5-4ACC-AD09-2D113DF2A018}.Release|x64.Build.0 = Release|Any CPU
		{EF23EFA6-4ED5-4ACC-AD09-2D113DF2A018}.Release|x86.ActiveCfg = Release|Any CPU
		{EF23EFA6-4ED5-4ACC-AD09-2D113DF2A018}.Release|x86.Build.0 = Release|Any CPU
	EndGlobalSection
	GlobalSection(SolutionProperties) = preSolution
		HideSolutionNode = FALSE
	EndGlobalSection
EndGlobal
